// !$*UTF8*$!
{
	archiveVersion = 1;
	classes = {
	};
	objectVersion = 56;
	objects = {

/* Begin PBXBuildFile section */
		71040D092C886CFC007FFF46 /* AppDelegate.swift in Sources */ = {isa = PBXBuildFile; fileRef = 71040D082C886CFC007FFF46 /* AppDelegate.swift */; };
		71040D0B2C886CFC007FFF46 /* SceneDelegate.swift in Sources */ = {isa = PBXBuildFile; fileRef = 71040D0A2C886CFC007FFF46 /* SceneDelegate.swift */; };
		71040D102C886CFC007FFF46 /* Base in Resources */ = {isa = PBXBuildFile; fileRef = 71040D0F2C886CFC007FFF46 /* Base */; };
		71040D122C886CFD007FFF46 /* Assets.xcassets in Resources */ = {isa = PBXBuildFile; fileRef = 71040D112C886CFD007FFF46 /* Assets.xcassets */; };
		71040D152C886CFD007FFF46 /* Base in Resources */ = {isa = PBXBuildFile; fileRef = 71040D142C886CFD007FFF46 /* Base */; };
		71040D202C886DBA007FFF46 /* ThirdTabVC.swift in Sources */ = {isa = PBXBuildFile; fileRef = 71040D1F2C886DBA007FFF46 /* ThirdTabVC.swift */; };
		71040D222C886DC9007FFF46 /* FirstTabVC.swift in Sources */ = {isa = PBXBuildFile; fileRef = 71040D212C886DC9007FFF46 /* FirstTabVC.swift */; };
		71040D242C886DE9007FFF46 /* SecondTabVC.swift in Sources */ = {isa = PBXBuildFile; fileRef = 71040D232C886DE9007FFF46 /* SecondTabVC.swift */; };
/* End PBXBuildFile section */

/* Begin PBXFileReference section */
		71040D052C886CFC007FFF46 /* WednesdayTest.app */ = {isa = PBXFileReference; explicitFileType = wrapper.application; includeInIndex = 0; path = WednesdayTest.app; sourceTree = BUILT_PRODUCTS_DIR; };
		71040D082C886CFC007FFF46 /* AppDelegate.swift */ = {isa = PBXFileReference; lastKnownFileType = sourcecode.swift; path = AppDelegate.swift; sourceTree = "<group>"; };
		71040D0A2C886CFC007FFF46 /* SceneDelegate.swift */ = {isa = PBXFileReference; lastKnownFileType = sourcecode.swift; path = SceneDelegate.swift; sourceTree = "<group>"; };
		71040D0F2C886CFC007FFF46 /* Base */ = {isa = PBXFileReference; lastKnownFileType = file.storyboard; name = Base; path = Base.lproj/Main.storyboard; sourceTree = "<group>"; };
		71040D112C886CFD007FFF46 /* Assets.xcassets */ = {isa = PBXFileReference; lastKnownFileType = folder.assetcatalog; path = Assets.xcassets; sourceTree = "<group>"; };
		71040D142C886CFD007FFF46 /* Base */ = {isa = PBXFileReference; lastKnownFileType = file.storyboard; name = Base; path = Base.lproj/LaunchScreen.storyboard; sourceTree = "<group>"; };
		71040D162C886CFD007FFF46 /* Info.plist */ = {isa = PBXFileReference; lastKnownFileType = text.plist.xml; path = Info.plist; sourceTree = "<group>"; };
		71040D1F2C886DBA007FFF46 /* ThirdTabVC.swift */ = {isa = PBXFileReference; lastKnownFileType = sourcecode.swift; path = ThirdTabVC.swift; sourceTree = "<group>"; };
		71040D212C886DC9007FFF46 /* FirstTabVC.swift */ = {isa = PBXFileReference; lastKnownFileType = sourcecode.swift; path = FirstTabVC.swift; sourceTree = "<group>"; };
		71040D232C886DE9007FFF46 /* SecondTabVC.swift */ = {isa = PBXFileReference; lastKnownFileType = sourcecode.swift; path = SecondTabVC.swift; sourceTree = "<group>"; };
/* End PBXFileReference section */

/* Begin PBXFrameworksBuildPhase section */
		71040D022C886CFC007FFF46 /* Frameworks */ = {
			isa = PBXFrameworksBuildPhase;
			buildActionMask = 2147483647;
			files = (
			);
			runOnlyForDeploymentPostprocessing = 0;
		};
/* End PBXFrameworksBuildPhase section */

/* Begin PBXGroup section */
		71040CFC2C886CFC007FFF46 = {
			isa = PBXGroup;
			children = (
				71040D072C886CFC007FFF46 /* WednesdayTest */,
				71040D062C886CFC007FFF46 /* Products */,
			);
			sourceTree = "<group>";
		};
		71040D062C886CFC007FFF46 /* Products */ = {
			isa = PBXGroup;
			children = (
				71040D052C886CFC007FFF46 /* WednesdayTest.app */,
			);
			name = Products;
			sourceTree = "<group>";
		};
		71040D072C886CFC007FFF46 /* WednesdayTest */ = {
			isa = PBXGroup;
			children = (
				71040D0A2C886CFC007FFF46 /* SceneDelegate.swift */,
				71040D082C886CFC007FFF46 /* AppDelegate.swift */,
				71040D1E2C886D26007FFF46 /* Modals */,
				71040D1D2C886D1C007FFF46 /* Controllers */,
				71040D1C2C886D0C007FFF46 /* Views */,
				71040D0E2C886CFC007FFF46 /* Main.storyboard */,
				71040D112C886CFD007FFF46 /* Assets.xcassets */,
				71040D132C886CFD007FFF46 /* LaunchScreen.storyboard */,
				71040D162C886CFD007FFF46 /* Info.plist */,
			);
			path = WednesdayTest;
			sourceTree = "<group>";
		};
		71040D1C2C886D0C007FFF46 /* Views */ = {
			isa = PBXGroup;
			children = (
			);
			path = Views;
			sourceTree = "<group>";
		};
		71040D1D2C886D1C007FFF46 /* Controllers */ = {
			isa = PBXGroup;
			children = (
				71040D1F2C886DBA007FFF46 /* ThirdTabVC.swift */,
				71040D212C886DC9007FFF46 /* FirstTabVC.swift */,
				71040D232C886DE9007FFF46 /* SecondTabVC.swift */,
			);
			path = Controllers;
			sourceTree = "<group>";
		};
		71040D1E2C886D26007FFF46 /* Modals */ = {
			isa = PBXGroup;
			children = (
			);
			path = Modals;
			sourceTree = "<group>";
		};
/* End PBXGroup section */

/* Begin PBXNativeTarget section */
		71040D042C886CFC007FFF46 /* WednesdayTest */ = {
			isa = PBXNativeTarget;
			buildConfigurationList = 71040D192C886CFD007FFF46 /* Build configuration list for PBXNativeTarget "WednesdayTest" */;
			buildPhases = (
				71040D012C886CFC007FFF46 /* Sources */,
				71040D022C886CFC007FFF46 /* Frameworks */,
				71040D032C886CFC007FFF46 /* Resources */,
			);
			buildRules = (
			);
			dependencies = (
			);
			name = WednesdayTest;
			productName = WednesdayTest;
			productReference = 71040D052C886CFC007FFF46 /* WednesdayTest.app */;
			productType = "com.apple.product-type.application";
		};
/* End PBXNativeTarget section */

/* Begin PBXProject section */
		71040CFD2C886CFC007FFF46 /* Project object */ = {
			isa = PBXProject;
			attributes = {
				BuildIndependentTargetsInParallel = 1;
				LastSwiftUpdateCheck = 1540;
				LastUpgradeCheck = 1540;
				TargetAttributes = {
					71040D042C886CFC007FFF46 = {
						CreatedOnToolsVersion = 15.4;
					};
				};
			};
			buildConfigurationList = 71040D002C886CFC007FFF46 /* Build configuration list for PBXProject "WednesdayTest" */;
			compatibilityVersion = "Xcode 14.0";
			developmentRegion = en;
			hasScannedForEncodings = 0;
			knownRegions = (
				en,
				Base,
			);
			mainGroup = 71040CFC2C886CFC007FFF46;
			productRefGroup = 71040D062C886CFC007FFF46 /* Products */;
			projectDirPath = "";
			projectRoot = "";
			targets = (
				71040D042C886CFC007FFF46 /* WednesdayTest */,
			);
		};
/* End PBXProject section */

/* Begin PBXResourcesBuildPhase section */
		71040D032C886CFC007FFF46 /* Resources */ = {
			isa = PBXResourcesBuildPhase;
			buildActionMask = 2147483647;
			files = (
				71040D122C886CFD007FFF46 /* Assets.xcassets in Resources */,
				71040D152C886CFD007FFF46 /* Base in Resources */,
				71040D102C886CFC007FFF46 /* Base in Resources */,
			);
			runOnlyForDeploymentPostprocessing = 0;
		};
/* End PBXResourcesBuildPhase section */

/* Begin PBXSourcesBuildPhase section */
		71040D012C886CFC007FFF46 /* Sources */ = {
			isa = PBXSourcesBuildPhase;
			buildActionMask = 2147483647;
			files = (
				71040D202C886DBA007FFF46 /* ThirdTabVC.swift in Sources */,
				71040D092C886CFC007FFF46 /* AppDelegate.swift in Sources */,
				71040D242C886DE9007FFF46 /* SecondTabVC.swift in Sources */,
				71040D0B2C886CFC007FFF46 /* SceneDelegate.swift in Sources */,
				71040D222C886DC9007FFF46 /* FirstTabVC.swift in Sources */,
			);
			runOnlyForDeploymentPostprocessing = 0;
		};
/* End PBXSourcesBuildPhase section */

/* Begin PBXVariantGroup section */
		71040D0E2C886CFC007FFF46 /* Main.storyboard */ = {
			isa = PBXVariantGroup;
			children = (
				71040D0F2C886CFC007FFF46 /* Base */,
			);
			name = Main.storyboard;
			sourceTree = "<group>";
		};
		71040D132C886CFD007FFF46 /* LaunchScreen.storyboard */ = {
			isa = PBXVariantGroup;
			children = (
				71040D142C886CFD007FFF46 /* Base */,
			);
			name = LaunchScreen.storyboard;
			sourceTree = "<group>";
		};
/* End PBXVariantGroup section */

/* Begin XCBuildConfiguration section */
		71040D172C886CFD007FFF46 /* Debug */ = {
			isa = XCBuildConfiguration;
			buildSettings = {
				ALWAYS_SEARCH_USER_PATHS = NO;
				ASSETCATALOG_COMPILER_GENERATE_SWIFT_ASSET_SYMBOL_EXTENSIONS = YES;
				CLANG_ANALYZER_NONNULL = YES;
				CLANG_ANALYZER_NUMBER_OBJECT_CONVERSION = YES_AGGRESSIVE;
				CLANG_CXX_LANGUAGE_STANDARD = "gnu++20";
				CLANG_ENABLE_MODULES = YES;
				CLANG_ENABLE_OBJC_ARC = YES;
				CLANG_ENABLE_OBJC_WEAK = YES;
				CLANG_WARN_BLOCK_CAPTURE_AUTORELEASING = YES;
				CLANG_WARN_BOOL_CONVERSION = YES;
				CLANG_WARN_COMMA = YES;
				CLANG_WARN_CONSTANT_CONVERSION = YES;
				CLANG_WARN_DEPRECATED_OBJC_IMPLEMENTATIONS = YES;
				CLANG_WARN_DIRECT_OBJC_ISA_USAGE = YES_ERROR;
				CLANG_WARN_DOCUMENTATION_COMMENTS = YES;
				CLANG_WARN_EMPTY_BODY = YES;
				CLANG_WARN_ENUM_CONVERSION = YES;
				CLANG_WARN_INFINITE_RECURSION = YES;
				CLANG_WARN_INT_CONVERSION = YES;
				CLANG_WARN_NON_LITERAL_NULL_CONVERSION = YES;
				CLANG_WARN_OBJC_IMPLICIT_RETAIN_SELF = YES;
				CLANG_WARN_OBJC_LITERAL_CONVERSION = YES;
				CLANG_WARN_OBJC_ROOT_CLASS = YES_ERROR;
				CLANG_WARN_QUOTED_INCLUDE_IN_FRAMEWORK_HEADER = YES;
				CLANG_WARN_RANGE_LOOP_ANALYSIS = YES;
				CLANG_WARN_STRICT_PROTOTYPES = YES;
				CLANG_WARN_SUSPICIOUS_MOVE = YES;
				CLANG_WARN_UNGUARDED_AVAILABILITY = YES_AGGRESSIVE;
				CLANG_WARN_UNREACHABLE_CODE = YES;
				CLANG_WARN__DUPLICATE_METHOD_MATCH = YES;
				COPY_PHASE_STRIP = NO;
				DEBUG_INFORMATION_FORMAT = dwarf;
				ENABLE_STRICT_OBJC_MSGSEND = YES;
				ENABLE_TESTABILITY = YES;
				ENABLE_USER_SCRIPT_SANDBOXING = YES;
				GCC_C_LANGUAGE_STANDARD = gnu17;
				GCC_DYNAMIC_NO_PIC = NO;
				GCC_NO_COMMON_BLOCKS = YES;
				GCC_OPTIMIZATION_LEVEL = 0;
				GCC_PREPROCESSOR_DEFINITIONS = (
					"DEBUG=1",
					"$(inherited)",
				);
				GCC_WARN_64_TO_32_BIT_CONVERSION = YES;
				GCC_WARN_ABOUT_RETURN_TYPE = YES_ERROR;
				GCC_WARN_UNDECLARED_SELECTOR = YES;
				GCC_WARN_UNINITIALIZED_AUTOS = YES_AGGRESSIVE;
				GCC_WARN_UNUSED_FUNCTION = YES;
				GCC_WARN_UNUSED_VARIABLE = YES;
				IPHONEOS_DEPLOYMENT_TARGET = 17.5;
				LOCALIZATION_PREFERS_STRING_CATALOGS = YES;
				MTL_ENABLE_DEBUG_INFO = INCLUDE_SOURCE;
				MTL_FAST_MATH = YES;
				ONLY_ACTIVE_ARCH = YES;
				SDKROOT = iphoneos;
				SWIFT_ACTIVE_COMPILATION_CONDITIONS = "DEBUG $(inherited)";
				SWIFT_OPTIMIZATION_LEVEL = "-Onone";
			};
			name = Debug;
		};
		71040D182C886CFD007FFF46 /* Release */ = {
			isa = XCBuildConfiguration;
			buildSettings = {
				ALWAYS_SEARCH_USER_PATHS = NO;
				ASSETCATALOG_COMPILER_GENERATE_SWIFT_ASSET_SYMBOL_EXTENSIONS = YES;
				CLANG_ANALYZER_NONNULL = YES;
				CLANG_ANALYZER_NUMBER_OBJECT_CONVERSION = YES_AGGRESSIVE;
				CLANG_CXX_LANGUAGE_STANDARD = "gnu++20";
				CLANG_ENABLE_MODULES = YES;
				CLANG_ENABLE_OBJC_ARC = YES;
				CLANG_ENABLE_OBJC_WEAK = YES;
				CLANG_WARN_BLOCK_CAPTURE_AUTORELEASING = YES;
				CLANG_WARN_BOOL_CONVERSION = YES;
				CLANG_WARN_COMMA = YES;
				CLANG_WARN_CONSTANT_CONVERSION = YES;
				CLANG_WARN_DEPRECATED_OBJC_IMPLEMENTATIONS = YES;
				CLANG_WARN_DIRECT_OBJC_ISA_USAGE = YES_ERROR;
				CLANG_WARN_DOCUMENTATION_COMMENTS = YES;
				CLANG_WARN_EMPTY_BODY = YES;
				CLANG_WARN_ENUM_CONVERSION = YES;
				CLANG_WARN_INFINITE_RECURSION = YES;
				CLANG_WARN_INT_CONVERSION = YES;
				CLANG_WARN_NON_LITERAL_NULL_CONVERSION = YES;
				CLANG_WARN_OBJC_IMPLICIT_RETAIN_SELF = YES;
				CLANG_WARN_OBJC_LITERAL_CONVERSION = YES;
				CLANG_WARN_OBJC_ROOT_CLASS = YES_ERROR;
				CLANG_WARN_QUOTED_INCLUDE_IN_FRAMEWORK_HEADER = YES;
				CLANG_WARN_RANGE_LOOP_ANALYSIS = YES;
				CLANG_WARN_STRICT_PROTOTYPES = YES;
				CLANG_WARN_SUSPICIOUS_MOVE = YES;
				CLANG_WARN_UNGUARDED_AVAILABILITY = YES_AGGRESSIVE;
				CLANG_WARN_UNREACHABLE_CODE = YES;
				CLANG_WARN__DUPLICATE_METHOD_MATCH = YES;
				COPY_PHASE_STRIP = NO;
				DEBUG_INFORMATION_FORMAT = "dwarf-with-dsym";
				ENABLE_NS_ASSERTIONS = NO;
				ENABLE_STRICT_OBJC_MSGSEND = YES;
				ENABLE_USER_SCRIPT_SANDBOXING = YES;
				GCC_C_LANGUAGE_STANDARD = gnu17;
				GCC_NO_COMMON_BLOCKS = YES;
				GCC_WARN_64_TO_32_BIT_CONVERSION = YES;
				GCC_WARN_ABOUT_RETURN_TYPE = YES_ERROR;
				GCC_WARN_UNDECLARED_SELECTOR = YES;
				GCC_WARN_UNINITIALIZED_AUTOS = YES_AGGRESSIVE;
				GCC_WARN_UNUSED_FUNCTION = YES;
				GCC_WARN_UNUSED_VARIABLE = YES;
				IPHONEOS_DEPLOYMENT_TARGET = 17.5;
				LOCALIZATION_PREFERS_STRING_CATALOGS = YES;
				MTL_ENABLE_DEBUG_INFO = NO;
				MTL_FAST_MATH = YES;
				SDKROOT = iphoneos;
				SWIFT_COMPILATION_MODE = wholemodule;
				VALIDATE_PRODUCT = YES;
			};
			name = Release;
		};
		71040D1A2C886CFD007FFF46 /* Debug */ = {
			isa = XCBuildConfiguration;
			buildSettings = {
				ASSETCATALOG_COMPILER_APPICON_NAME = AppIcon;
				ASSETCATALOG_COMPILER_GLOBAL_ACCENT_COLOR_NAME = AccentColor;
				CODE_SIGN_STYLE = Automatic;
				CURRENT_PROJECT_VERSION = 1;
				DEVELOPMENT_TEAM = 8Q2N4U82UQ;
				GENERATE_INFOPLIST_FILE = YES;
				INFOPLIST_FILE = WednesdayTest/Info.plist;
				INFOPLIST_KEY_UIApplicationSupportsIndirectInputEvents = YES;
				INFOPLIST_KEY_UILaunchStoryboardName = LaunchScreen;
				INFOPLIST_KEY_UIMainStoryboardFile = Main;
				INFOPLIST_KEY_UISupportedInterfaceOrientations_iPad = "UIInterfaceOrientationPortrait UIInterfaceOrientationPortraitUpsideDown UIInterfaceOrientationLandscapeLeft UIInterfaceOrientationLandscapeRight";
				INFOPLIST_KEY_UISupportedInterfaceOrientations_iPhone = "UIInterfaceOrientationPortrait UIInterfaceOrientationLandscapeLeft UIInterfaceOrientationLandscapeRight";
				LD_RUNPATH_SEARCH_PATHS = (
					"$(inherited)",
					"@executable_path/Frameworks",
				);
				MARKETING_VERSION = 1.0;
				PRODUCT_BUNDLE_IDENTIFIER = com.dreamtank.WednesdayTest;
				PRODUCT_NAME = "$(TARGET_NAME)";
				SWIFT_EMIT_LOC_STRINGS = YES;
				SWIFT_VERSION = 5.0;
				TARGETED_DEVICE_FAMILY = "1,2";
			};
			name = Debug;
		};
		71040D1B2C886CFD007FFF46 /* Release */ = {
			isa = XCBuildConfiguration;
			buildSettings = {
				ASSETCATALOG_COMPILER_APPICON_NAME = AppIcon;
				ASSETCATALOG_COMPILER_GLOBAL_ACCENT_COLOR_NAME = AccentColor;
				CODE_SIGN_STYLE = Automatic;
				CURRENT_PROJECT_VERSION = 1;
				DEVELOPMENT_TEAM = 8Q2N4U82UQ;
				GENERATE_INFOPLIST_FILE = YES;
				INFOPLIST_FILE = WednesdayTest/Info.plist;
				INFOPLIST_KEY_UIApplicationSupportsIndirectInputEvents = YES;
				INFOPLIST_KEY_UILaunchStoryboardName = LaunchScreen;
				INFOPLIST_KEY_UIMainStoryboardFile = Main;
				INFOPLIST_KEY_UISupportedInterfaceOrientations_iPad = "UIInterfaceOrientationPortrait UIInterfaceOrientationPortraitUpsideDown UIInterfaceOrientationLandscapeLeft UIInterfaceOrientationLandscapeRight";
				INFOPLIST_KEY_UISupportedInterfaceOrientations_iPhone = "UIInterfaceOrientationPortrait UIInterfaceOrientationLandscapeLeft UIInterfaceOrientationLandscapeRight";
				LD_RUNPATH_SEARCH_PATHS = (
					"$(inherited)",
					"@executable_path/Frameworks",
				);
				MARKETING_VERSION = 1.0;
				PRODUCT_BUNDLE_IDENTIFIER = com.dreamtank.WednesdayTest;
				PRODUCT_NAME = "$(TARGET_NAME)";
				SWIFT_EMIT_LOC_STRINGS = YES;
				SWIFT_VERSION = 5.0;
				TARGETED_DEVICE_FAMILY = "1,2";
			};
			name = Release;
		};
/* End XCBuildConfiguration section */

/* Begin XCConfigurationList section */
		71040D002C886CFC007FFF46 /* Build configuration list for PBXProject "WednesdayTest" */ = {
			isa = XCConfigurationList;
			buildConfigurations = (
				71040D172C886CFD007FFF46 /* Debug */,
				71040D182C886CFD007FFF46 /* Release */,
			);
			defaultConfigurationIsVisible = 0;
			defaultConfigurationName = Release;
		};
		71040D192C886CFD007FFF46 /* Build configuration list for PBXNativeTarget "WednesdayTest" */ = {
			isa = XCConfigurationList;
			buildConfigurations = (
				71040D1A2C886CFD007FFF46 /* Debug */,
				71040D1B2C886CFD007FFF46 /* Release */,
			);
			defaultConfigurationIsVisible = 0;
			defaultConfigurationName = Release;
		};
/* End XCConfigurationList section */
	};
	rootObject = 71040CFD2C886CFC007FFF46 /* Project object */;
}
